{
  "name": "front_end",
  "version": "1.0.0",
  "lockfileVersion": 1,
  "requires": true,
  "dependencies": {
    "geokit": {
      "version": "0.1.4",
      "resolved": "https://registry.npmjs.org/geokit/-/geokit-0.1.4.tgz",
      "integrity": "sha512-OQEdWw4ZyhXLGWhbXPGqwtjZIUup2vVTs2NqR3y1/IH05mdVbc3O9ISL0oEamBzNnnYz1rWyayNiOC1nxf/PEw=="
    }
  }
}
